
Microsoft Visual Studio Solution File, Format Version 11.00
# Visual Studio 2010
Project("{FAE04EC0-301F-11D3-BF4B-00C04F79EFBC}") = "Assembly-CSharp", "Assembly-CSharp.csproj", "{9dcfb7e1-7fd7-18a6-6830-c50ebeddee3a}"
EndProject
Project("{FAE04EC0-301F-11D3-BF4B-00C04F79EFBC}") = "SuperTiled2Unity", "SuperTiled2Unity.csproj", "{a09f49be-d693-53bf-aef1-485ce9819f45}"
EndProject
Project("{FAE04EC0-301F-11D3-BF4B-00C04F79EFBC}") = "SuperTiled2UnityEditor", "SuperTiled2UnityEditor.csproj", "{1b74b4a6-99ea-6320-6478-80a901e34f21}"
EndProject
Global
	GlobalSection(SolutionConfigurationPlatforms) = preSolution
		Debug|Any CPU = Debug|Any CPU
	EndGlobalSection
	GlobalSection(ProjectConfigurationPlatforms) = postSolution
		{9dcfb7e1-7fd7-18a6-6830-c50ebeddee3a}.Debug|Any CPU.ActiveCfg = Debug|Any CPU
		{9dcfb7e1-7fd7-18a6-6830-c50ebeddee3a}.Debug|Any CPU.Build.0 = Debug|Any CPU
		{a09f49be-d693-53bf-aef1-485ce9819f45}.Debug|Any CPU.ActiveCfg = Debug|Any CPU
		{a09f49be-d693-53bf-aef1-485ce9819f45}.Debug|Any CPU.Build.0 = Debug|Any CPU
		{1b74b4a6-99ea-6320-6478-80a901e34f21}.Debug|Any CPU.ActiveCfg = Debug|Any CPU
		{1b74b4a6-99ea-6320-6478-80a901e34f21}.Debug|Any CPU.Build.0 = Debug|Any CPU
	EndGlobalSection
	GlobalSection(SolutionProperties) = preSolution
		HideSolutionNode = FALSE
	EndGlobalSection
EndGlobal
